
Microsoft Visual Studio Solution File, Format Version 12.00
# Visual Studio 15
VisualStudioVersion = 15.0.27130.2026
MinimumVisualStudioVersion = 10.0.40219.1
Project("{FAE04EC0-301F-11D3-BF4B-00C04F79EFBC}") = "ggj2018", "ggj2018\ggj2018.csproj", "{234FF4B9-F8CE-4EB7-BC88-F00997389127}"
EndProject
Global
	GlobalSection(SolutionConfigurationPlatforms) = preSolution
		Debug|Any CPU = Debug|Any CPU
		Release|Any CPU = Release|Any CPU
	EndGlobalSection
	GlobalSection(ProjectConfigurationPlatforms) = postSolution
		{234FF4B9-F8CE-4EB7-BC88-F00997389127}.Debug|Any CPU.ActiveCfg = Debug|Any CPU
		{234FF4B9-F8CE-4EB7-BC88-F00997389127}.Debug|Any CPU.Build.0 = Debug|Any CPU
		{234FF4B9-F8CE-4EB7-BC88-F00997389127}.Release|Any CPU.ActiveCfg = Release|Any CPU
		{234FF4B9-F8CE-4EB7-BC88-F00997389127}.Release|Any CPU.Build.0 = Release|Any CPU
	EndGlobalSection
	GlobalSection(SolutionProperties) = preSolution
		HideSolutionNode = FALSE
	EndGlobalSection
	GlobalSection(ExtensibilityGlobals) = postSolution
		SolutionGuid = {80AD8594-BEAF-467F-B4C1-B64D51106AE0}
	EndGlobalSection
EndGlobal
